// !$*UTF8*$!
{
	archiveVersion = 1;
	classes = {
	};
	objectVersion = 46;
	objects = {

/* Begin PBXBuildFile section */
		5A732D271BAE19C600CE6927 /* Scanner.mm in Sources */ = {isa = PBXBuildFile; fileRef = 5A732D261BAE19C600CE6927 /* Scanner.mm */; };
		5A732D2B1BAE220E00CE6927 /* sample2.jpg in Resources */ = {isa = PBXBuildFile; fileRef = 5A732D2A1BAE220E00CE6927 /* sample2.jpg */; };
		5AEAA89C1BAE1440000DEBB2 /* UIKit.framework in Frameworks */ = {isa = PBXBuildFile; fileRef = 5AEAA89B1BAE1440000DEBB2 /* UIKit.framework */; };
		5AEAA89E1BAE1447000DEBB2 /* Foundation.framework in Frameworks */ = {isa = PBXBuildFile; fileRef = 5AEAA89D1BAE1447000DEBB2 /* Foundation.framework */; };
		5AEAA8A01BAE1452000DEBB2 /* CoreGraphics.framework in Frameworks */ = {isa = PBXBuildFile; fileRef = 5AEAA89F1BAE1452000DEBB2 /* CoreGraphics.framework */; };
		7FF7A84A1BAE54FB009D2132 /* PhysicsEngine.mm in Sources */ = {isa = PBXBuildFile; fileRef = 7FF7A8491BAE54FB009D2132 /* PhysicsEngine.mm */; };
		7FF7A84C1BAE556B009D2132 /* opencv2.framework in Frameworks */ = {isa = PBXBuildFile; fileRef = 7FF7A84B1BAE556B009D2132 /* opencv2.framework */; };
		C1C4F1DB1BADDB88007D851E /* main.m in Sources */ = {isa = PBXBuildFile; fileRef = C1C4F1DA1BADDB88007D851E /* main.m */; };
		C1C4F1DE1BADDB88007D851E /* AppDelegate.m in Sources */ = {isa = PBXBuildFile; fileRef = C1C4F1DD1BADDB88007D851E /* AppDelegate.m */; };
		C1C4F1E11BADDB88007D851E /* UploadViewController.m in Sources */ = {isa = PBXBuildFile; fileRef = C1C4F1E01BADDB88007D851E /* UploadViewController.m */; };
		C1C4F1E61BADDB88007D851E /* Images.xcassets in Resources */ = {isa = PBXBuildFile; fileRef = C1C4F1E51BADDB88007D851E /* Images.xcassets */; };
		C1C4F1F51BADDB88007D851E /* PocketPoolTests.m in Sources */ = {isa = PBXBuildFile; fileRef = C1C4F1F41BADDB88007D851E /* PocketPoolTests.m */; };
		C1C4F2061BADDC31007D851E /* Main.storyboard in Resources */ = {isa = PBXBuildFile; fileRef = C1C4F2051BADDC31007D851E /* Main.storyboard */; };
		C1DD41851BAE06EB006233B4 /* TableViewController.m in Sources */ = {isa = PBXBuildFile; fileRef = C1DD41841BAE06EB006233B4 /* TableViewController.m */; };
		C1DD41881BAE08A6006233B4 /* TableView.m in Sources */ = {isa = PBXBuildFile; fileRef = C1DD41871BAE08A6006233B4 /* TableView.m */; };
/* End PBXBuildFile section */

/* Begin PBXContainerItemProxy section */
		C1C4F1EF1BADDB88007D851E /* PBXContainerItemProxy */ = {
			isa = PBXContainerItemProxy;
			containerPortal = C1C4F1CD1BADDB88007D851E /* Project object */;
			proxyType = 1;
			remoteGlobalIDString = C1C4F1D41BADDB88007D851E;
			remoteInfo = PocketPool;
		};
/* End PBXContainerItemProxy section */

/* Begin PBXFileReference section */
		5A732D261BAE19C600CE6927 /* Scanner.mm */ = {isa = PBXFileReference; fileEncoding = 4; lastKnownFileType = sourcecode.cpp.objcpp; path = Scanner.mm; sourceTree = "<group>"; };
		5A732D281BAE1A6800CE6927 /* PocketPool-Prefix.pch */ = {isa = PBXFileReference; fileEncoding = 4; lastKnownFileType = sourcecode.c.h; path = "PocketPool-Prefix.pch"; sourceTree = "<group>"; };
		5A732D291BAE1B0F00CE6927 /* Scanner.h */ = {isa = PBXFileReference; fileEncoding = 4; lastKnownFileType = sourcecode.c.h; path = Scanner.h; sourceTree = "<group>"; };
		5A732D2A1BAE220E00CE6927 /* sample2.jpg */ = {isa = PBXFileReference; lastKnownFileType = image.jpeg; name = sample2.jpg; path = PocketPoolTests/sample2.jpg; sourceTree = SOURCE_ROOT; };
		5AEAA89B1BAE1440000DEBB2 /* UIKit.framework */ = {isa = PBXFileReference; lastKnownFileType = wrapper.framework; name = UIKit.framework; path = System/Library/Frameworks/UIKit.framework; sourceTree = SDKROOT; };
		5AEAA89D1BAE1447000DEBB2 /* Foundation.framework */ = {isa = PBXFileReference; lastKnownFileType = wrapper.framework; name = Foundation.framework; path = System/Library/Frameworks/Foundation.framework; sourceTree = SDKROOT; };
		5AEAA89F1BAE1452000DEBB2 /* CoreGraphics.framework */ = {isa = PBXFileReference; lastKnownFileType = wrapper.framework; name = CoreGraphics.framework; path = System/Library/Frameworks/CoreGraphics.framework; sourceTree = SDKROOT; };
		7FF7A8491BAE54FB009D2132 /* PhysicsEngine.mm */ = {isa = PBXFileReference; fileEncoding = 4; lastKnownFileType = sourcecode.cpp.objcpp; name = PhysicsEngine.mm; path = physics/PhysicsEngine.mm; sourceTree = SOURCE_ROOT; };
		7FF7A84B1BAE556B009D2132 /* opencv2.framework */ = {isa = PBXFileReference; lastKnownFileType = wrapper.framework; name = opencv2.framework; path = ../opencv2.framework; sourceTree = "<group>"; };
		C1C4F1D51BADDB88007D851E /* PocketPool.app */ = {isa = PBXFileReference; explicitFileType = wrapper.application; includeInIndex = 0; path = PocketPool.app; sourceTree = BUILT_PRODUCTS_DIR; };
		C1C4F1D91BADDB88007D851E /* Info.plist */ = {isa = PBXFileReference; lastKnownFileType = text.plist.xml; path = Info.plist; sourceTree = "<group>"; };
		C1C4F1DA1BADDB88007D851E /* main.m */ = {isa = PBXFileReference; lastKnownFileType = sourcecode.c.objc; path = main.m; sourceTree = "<group>"; };
		C1C4F1DC1BADDB88007D851E /* AppDelegate.h */ = {isa = PBXFileReference; lastKnownFileType = sourcecode.c.h; path = AppDelegate.h; sourceTree = "<group>"; };
		C1C4F1DD1BADDB88007D851E /* AppDelegate.m */ = {isa = PBXFileReference; lastKnownFileType = sourcecode.c.objc; path = AppDelegate.m; sourceTree = "<group>"; };
		C1C4F1DF1BADDB88007D851E /* UploadViewController.h */ = {isa = PBXFileReference; lastKnownFileType = sourcecode.c.h; path = UploadViewController.h; sourceTree = "<group>"; };
		C1C4F1E01BADDB88007D851E /* UploadViewController.m */ = {isa = PBXFileReference; lastKnownFileType = sourcecode.c.objc; path = UploadViewController.m; sourceTree = "<group>"; };
		C1C4F1E51BADDB88007D851E /* Images.xcassets */ = {isa = PBXFileReference; lastKnownFileType = folder.assetcatalog; path = Images.xcassets; sourceTree = "<group>"; };
		C1C4F1E81BADDB88007D851E /* Base */ = {isa = PBXFileReference; lastKnownFileType = file.xib; name = Base; path = Base.lproj/LaunchScreen.xib; sourceTree = "<group>"; };
		C1C4F1EE1BADDB88007D851E /* PocketPoolTests.xctest */ = {isa = PBXFileReference; explicitFileType = wrapper.cfbundle; includeInIndex = 0; path = PocketPoolTests.xctest; sourceTree = BUILT_PRODUCTS_DIR; };
		C1C4F1F31BADDB88007D851E /* Info.plist */ = {isa = PBXFileReference; lastKnownFileType = text.plist.xml; path = Info.plist; sourceTree = "<group>"; };
		C1C4F1F41BADDB88007D851E /* PocketPoolTests.m */ = {isa = PBXFileReference; lastKnownFileType = sourcecode.c.objc; path = PocketPoolTests.m; sourceTree = "<group>"; };
		C1C4F2051BADDC31007D851E /* Main.storyboard */ = {isa = PBXFileReference; fileEncoding = 4; lastKnownFileType = file.storyboard; path = Main.storyboard; sourceTree = "<group>"; };
		C1DD41831BAE06EB006233B4 /* TableViewController.h */ = {isa = PBXFileReference; fileEncoding = 4; lastKnownFileType = sourcecode.c.h; path = TableViewController.h; sourceTree = "<group>"; };
		C1DD41841BAE06EB006233B4 /* TableViewController.m */ = {isa = PBXFileReference; fileEncoding = 4; lastKnownFileType = sourcecode.c.objc; path = TableViewController.m; sourceTree = "<group>"; };
		C1DD41861BAE08A6006233B4 /* TableView.h */ = {isa = PBXFileReference; fileEncoding = 4; lastKnownFileType = sourcecode.c.h; path = TableView.h; sourceTree = "<group>"; };
		C1DD41871BAE08A6006233B4 /* TableView.m */ = {isa = PBXFileReference; fileEncoding = 4; lastKnownFileType = sourcecode.c.objc; path = TableView.m; sourceTree = "<group>"; };
/* End PBXFileReference section */

/* Begin PBXFrameworksBuildPhase section */
		C1C4F1D21BADDB88007D851E /* Frameworks */ = {
			isa = PBXFrameworksBuildPhase;
			buildActionMask = 2147483647;
			files = (
				7FF7A84C1BAE556B009D2132 /* opencv2.framework in Frameworks */,
				5AEAA8A01BAE1452000DEBB2 /* CoreGraphics.framework in Frameworks */,
				5AEAA89E1BAE1447000DEBB2 /* Foundation.framework in Frameworks */,
				5AEAA89C1BAE1440000DEBB2 /* UIKit.framework in Frameworks */,
			);
			runOnlyForDeploymentPostprocessing = 0;
		};
		C1C4F1EB1BADDB88007D851E /* Frameworks */ = {
			isa = PBXFrameworksBuildPhase;
			buildActionMask = 2147483647;
			files = (
			);
			runOnlyForDeploymentPostprocessing = 0;
		};
/* End PBXFrameworksBuildPhase section */

/* Begin PBXGroup section */
		C1C4F1CC1BADDB88007D851E = {
			isa = PBXGroup;
			children = (
				7FF7A84B1BAE556B009D2132 /* opencv2.framework */,
				5AEAA89F1BAE1452000DEBB2 /* CoreGraphics.framework */,
				5AEAA89D1BAE1447000DEBB2 /* Foundation.framework */,
				5AEAA89B1BAE1440000DEBB2 /* UIKit.framework */,
				C1C4F1D71BADDB88007D851E /* PocketPool */,
				C1C4F1F11BADDB88007D851E /* PocketPoolTests */,
				C1C4F1D61BADDB88007D851E /* Products */,
			);
			sourceTree = "<group>";
		};
		C1C4F1D61BADDB88007D851E /* Products */ = {
			isa = PBXGroup;
			children = (
				C1C4F1D51BADDB88007D851E /* PocketPool.app */,
				C1C4F1EE1BADDB88007D851E /* PocketPoolTests.xctest */,
			);
			name = Products;
			sourceTree = "<group>";
		};
		C1C4F1D71BADDB88007D851E /* PocketPool */ = {
			isa = PBXGroup;
			children = (
				C1C4F1DC1BADDB88007D851E /* AppDelegate.h */,
				C1C4F1DD1BADDB88007D851E /* AppDelegate.m */,
				C1C4F1DF1BADDB88007D851E /* UploadViewController.h */,
				C1C4F1E01BADDB88007D851E /* UploadViewController.m */,
				C1DD41831BAE06EB006233B4 /* TableViewController.h */,
				C1DD41841BAE06EB006233B4 /* TableViewController.m */,
				C1DD41861BAE08A6006233B4 /* TableView.h */,
				C1DD41871BAE08A6006233B4 /* TableView.m */,
				C1C4F2051BADDC31007D851E /* Main.storyboard */,
				C1C4F1E51BADDB88007D851E /* Images.xcassets */,
				5A732D2A1BAE220E00CE6927 /* sample2.jpg */,
				C1C4F1E71BADDB88007D851E /* LaunchScreen.xib */,
				C1C4F1D81BADDB88007D851E /* Supporting Files */,
				5A732D261BAE19C600CE6927 /* Scanner.mm */,
				7FF7A8491BAE54FB009D2132 /* PhysicsEngine.mm */,
				5A732D291BAE1B0F00CE6927 /* Scanner.h */,
			);
			path = PocketPool;
			sourceTree = "<group>";
		};
		C1C4F1D81BADDB88007D851E /* Supporting Files */ = {
			isa = PBXGroup;
			children = (
				5A732D281BAE1A6800CE6927 /* PocketPool-Prefix.pch */,
				C1C4F1D91BADDB88007D851E /* Info.plist */,
				C1C4F1DA1BADDB88007D851E /* main.m */,
			);
			name = "Supporting Files";
			sourceTree = "<group>";
		};
		C1C4F1F11BADDB88007D851E /* PocketPoolTests */ = {
			isa = PBXGroup;
			children = (
				C1C4F1F41BADDB88007D851E /* PocketPoolTests.m */,
				C1C4F1F21BADDB88007D851E /* Supporting Files */,
			);
			path = PocketPoolTests;
			sourceTree = "<group>";
		};
		C1C4F1F21BADDB88007D851E /* Supporting Files */ = {
			isa = PBXGroup;
			children = (
				C1C4F1F31BADDB88007D851E /* Info.plist */,
			);
			name = "Supporting Files";
			sourceTree = "<group>";
		};
/* End PBXGroup section */

/* Begin PBXNativeTarget section */
		C1C4F1D41BADDB88007D851E /* PocketPool */ = {
			isa = PBXNativeTarget;
			buildConfigurationList = C1C4F1F81BADDB88007D851E /* Build configuration list for PBXNativeTarget "PocketPool" */;
			buildPhases = (
				C1C4F1D11BADDB88007D851E /* Sources */,
				C1C4F1D21BADDB88007D851E /* Frameworks */,
				C1C4F1D31BADDB88007D851E /* Resources */,
			);
			buildRules = (
			);
			dependencies = (
			);
			name = PocketPool;
			productName = PocketPool;
			productReference = C1C4F1D51BADDB88007D851E /* PocketPool.app */;
			productType = "com.apple.product-type.application";
		};
		C1C4F1ED1BADDB88007D851E /* PocketPoolTests */ = {
			isa = PBXNativeTarget;
			buildConfigurationList = C1C4F1FB1BADDB88007D851E /* Build configuration list for PBXNativeTarget "PocketPoolTests" */;
			buildPhases = (
				C1C4F1EA1BADDB88007D851E /* Sources */,
				C1C4F1EB1BADDB88007D851E /* Frameworks */,
				C1C4F1EC1BADDB88007D851E /* Resources */,
			);
			buildRules = (
			);
			dependencies = (
				C1C4F1F01BADDB88007D851E /* PBXTargetDependency */,
			);
			name = PocketPoolTests;
			productName = PocketPoolTests;
			productReference = C1C4F1EE1BADDB88007D851E /* PocketPoolTests.xctest */;
			productType = "com.apple.product-type.bundle.unit-test";
		};
/* End PBXNativeTarget section */

/* Begin PBXProject section */
		C1C4F1CD1BADDB88007D851E /* Project object */ = {
			isa = PBXProject;
			attributes = {
				LastUpgradeCheck = 0640;
				ORGANIZATIONNAME = TeamAbs;
				TargetAttributes = {
					C1C4F1D41BADDB88007D851E = {
						CreatedOnToolsVersion = 6.4;
					};
					C1C4F1ED1BADDB88007D851E = {
						CreatedOnToolsVersion = 6.4;
						TestTargetID = C1C4F1D41BADDB88007D851E;
					};
				};
			};
			buildConfigurationList = C1C4F1D01BADDB88007D851E /* Build configuration list for PBXProject "PocketPool" */;
			compatibilityVersion = "Xcode 3.2";
			developmentRegion = English;
			hasScannedForEncodings = 0;
			knownRegions = (
				en,
				Base,
			);
			mainGroup = C1C4F1CC1BADDB88007D851E;
			productRefGroup = C1C4F1D61BADDB88007D851E /* Products */;
			projectDirPath = "";
			projectRoot = "";
			targets = (
				C1C4F1D41BADDB88007D851E /* PocketPool */,
				C1C4F1ED1BADDB88007D851E /* PocketPoolTests */,
			);
		};
/* End PBXProject section */

/* Begin PBXResourcesBuildPhase section */
		C1C4F1D31BADDB88007D851E /* Resources */ = {
			isa = PBXResourcesBuildPhase;
			buildActionMask = 2147483647;
			files = (
				C1C4F1E61BADDB88007D851E /* Images.xcassets in Resources */,
				C1C4F2061BADDC31007D851E /* Main.storyboard in Resources */,
			);
			runOnlyForDeploymentPostprocessing = 0;
		};
		C1C4F1EC1BADDB88007D851E /* Resources */ = {
			isa = PBXResourcesBuildPhase;
			buildActionMask = 2147483647;
			files = (
				5A732D2B1BAE220E00CE6927 /* sample2.jpg in Resources */,
			);
			runOnlyForDeploymentPostprocessing = 0;
		};
/* End PBXResourcesBuildPhase section */

/* Begin PBXSourcesBuildPhase section */
		C1C4F1D11BADDB88007D851E /* Sources */ = {
			isa = PBXSourcesBuildPhase;
			buildActionMask = 2147483647;
			files = (
				C1C4F1E11BADDB88007D851E /* UploadViewController.m in Sources */,
				7FF7A84A1BAE54FB009D2132 /* PhysicsEngine.mm in Sources */,
				C1C4F1DE1BADDB88007D851E /* AppDelegate.m in Sources */,
				5A732D271BAE19C600CE6927 /* Scanner.mm in Sources */,
				C1C4F1DB1BADDB88007D851E /* main.m in Sources */,
				C1DD41881BAE08A6006233B4 /* TableView.m in Sources */,
				C1DD41851BAE06EB006233B4 /* TableViewController.m in Sources */,
			);
			runOnlyForDeploymentPostprocessing = 0;
		};
		C1C4F1EA1BADDB88007D851E /* Sources */ = {
			isa = PBXSourcesBuildPhase;
			buildActionMask = 2147483647;
			files = (
				C1C4F1F51BADDB88007D851E /* PocketPoolTests.m in Sources */,
			);
			runOnlyForDeploymentPostprocessing = 0;
		};
/* End PBXSourcesBuildPhase section */

/* Begin PBXTargetDependency section */
		C1C4F1F01BADDB88007D851E /* PBXTargetDependency */ = {
			isa = PBXTargetDependency;
			target = C1C4F1D41BADDB88007D851E /* PocketPool */;
			targetProxy = C1C4F1EF1BADDB88007D851E /* PBXContainerItemProxy */;
		};
/* End PBXTargetDependency section */

/* Begin PBXVariantGroup section */
		C1C4F1E71BADDB88007D851E /* LaunchScreen.xib */ = {
			isa = PBXVariantGroup;
			children = (
				C1C4F1E81BADDB88007D851E /* Base */,
			);
			name = LaunchScreen.xib;
			sourceTree = "<group>";
		};
/* End PBXVariantGroup section */

/* Begin XCBuildConfiguration section */
		C1C4F1F61BADDB88007D851E /* Debug */ = {
			isa = XCBuildConfiguration;
			buildSettings = {
				ALWAYS_SEARCH_USER_PATHS = NO;
				CLANG_CXX_LANGUAGE_STANDARD = "gnu++0x";
				CLANG_CXX_LIBRARY = "libc++";
				CLANG_ENABLE_MODULES = YES;
				CLANG_ENABLE_OBJC_ARC = YES;
				CLANG_WARN_BOOL_CONVERSION = YES;
				CLANG_WARN_CONSTANT_CONVERSION = YES;
				CLANG_WARN_DIRECT_OBJC_ISA_USAGE = YES_ERROR;
				CLANG_WARN_EMPTY_BODY = YES;
				CLANG_WARN_ENUM_CONVERSION = YES;
				CLANG_WARN_INT_CONVERSION = YES;
				CLANG_WARN_OBJC_ROOT_CLASS = YES_ERROR;
				CLANG_WARN_UNREACHABLE_CODE = YES;
				CLANG_WARN__DUPLICATE_METHOD_MATCH = YES;
				"CODE_SIGN_IDENTITY[sdk=iphoneos*]" = "iPhone Developer";
				COPY_PHASE_STRIP = NO;
				DEBUG_INFORMATION_FORMAT = "dwarf-with-dsym";
				ENABLE_STRICT_OBJC_MSGSEND = YES;
				GCC_C_LANGUAGE_STANDARD = gnu99;
				GCC_DYNAMIC_NO_PIC = NO;
				GCC_NO_COMMON_BLOCKS = YES;
				GCC_OPTIMIZATION_LEVEL = 0;
				GCC_PREPROCESSOR_DEFINITIONS = (
					"DEBUG=1",
					"$(inherited)",
				);
				GCC_SYMBOLS_PRIVATE_EXTERN = NO;
				GCC_WARN_64_TO_32_BIT_CONVERSION = YES;
				GCC_WARN_ABOUT_RETURN_TYPE = YES_ERROR;
				GCC_WARN_UNDECLARED_SELECTOR = YES;
				GCC_WARN_UNINITIALIZED_AUTOS = YES_AGGRESSIVE;
				GCC_WARN_UNUSED_FUNCTION = YES;
				GCC_WARN_UNUSED_VARIABLE = YES;
				IPHONEOS_DEPLOYMENT_TARGET = 8.4;
				MTL_ENABLE_DEBUG_INFO = YES;
				ONLY_ACTIVE_ARCH = YES;
				SDKROOT = iphoneos;
			};
			name = Debug;
		};
		C1C4F1F71BADDB88007D851E /* Release */ = {
			isa = XCBuildConfiguration;
			buildSettings = {
				ALWAYS_SEARCH_USER_PATHS = NO;
				CLANG_CXX_LANGUAGE_STANDARD = "gnu++0x";
				CLANG_CXX_LIBRARY = "libc++";
				CLANG_ENABLE_MODULES = YES;
				CLANG_ENABLE_OBJC_ARC = YES;
				CLANG_WARN_BOOL_CONVERSION = YES;
				CLANG_WARN_CONSTANT_CONVERSION = YES;
				CLANG_WARN_DIRECT_OBJC_ISA_USAGE = YES_ERROR;
				CLANG_WARN_EMPTY_BODY = YES;
				CLANG_WARN_ENUM_CONVERSION = YES;
				CLANG_WARN_INT_CONVERSION = YES;
				CLANG_WARN_OBJC_ROOT_CLASS = YES_ERROR;
				CLANG_WARN_UNREACHABLE_CODE = YES;
				CLANG_WARN__DUPLICATE_METHOD_MATCH = YES;
				"CODE_SIGN_IDENTITY[sdk=iphoneos*]" = "iPhone Developer";
				COPY_PHASE_STRIP = NO;
				DEBUG_INFORMATION_FORMAT = "dwarf-with-dsym";
				ENABLE_NS_ASSERTIONS = NO;
				ENABLE_STRICT_OBJC_MSGSEND = YES;
				GCC_C_LANGUAGE_STANDARD = gnu99;
				GCC_NO_COMMON_BLOCKS = YES;
				GCC_WARN_64_TO_32_BIT_CONVERSION = YES;
				GCC_WARN_ABOUT_RETURN_TYPE = YES_ERROR;
				GCC_WARN_UNDECLARED_SELECTOR = YES;
				GCC_WARN_UNINITIALIZED_AUTOS = YES_AGGRESSIVE;
				GCC_WARN_UNUSED_FUNCTION = YES;
				GCC_WARN_UNUSED_VARIABLE = YES;
				IPHONEOS_DEPLOYMENT_TARGET = 8.4;
				MTL_ENABLE_DEBUG_INFO = NO;
				SDKROOT = iphoneos;
				VALIDATE_PRODUCT = YES;
			};
			name = Release;
		};
		C1C4F1F91BADDB88007D851E /* Debug */ = {
			isa = XCBuildConfiguration;
			buildSettings = {
				ASSETCATALOG_COMPILER_APPICON_NAME = AppIcon;
				FRAMEWORK_SEARCH_PATHS = (
					"$(inherited)",
					"/Users/dzd123/Documents/2015-2016/OpenCV-iOS",
					/Users/stevenhao/Documents/CODE/pool,
				);
				GCC_PREFIX_HEADER = "PocketPool/PocketPool-Prefix.pch";
				INFOPLIST_FILE = PocketPool/Info.plist;
				LD_RUNPATH_SEARCH_PATHS = "$(inherited) @executable_path/Frameworks";
				PRODUCT_NAME = "$(TARGET_NAME)";
			};
			name = Debug;
		};
		C1C4F1FA1BADDB88007D851E /* Release */ = {
			isa = XCBuildConfiguration;
			buildSettings = {
				ASSETCATALOG_COMPILER_APPICON_NAME = AppIcon;
				FRAMEWORK_SEARCH_PATHS = (
					"$(inherited)",
					"/Users/dzd123/Documents/2015-2016/OpenCV-iOS",
					/Users/stevenhao/Documents/CODE/pool,
				);
				GCC_PREFIX_HEADER = "PocketPool/PocketPool-Prefix.pch";
				INFOPLIST_FILE = PocketPool/Info.plist;
				LD_RUNPATH_SEARCH_PATHS = "$(inherited) @executable_path/Frameworks";
				PRODUCT_NAME = "$(TARGET_NAME)";
			};
			name = Release;
		};
		C1C4F1FC1BADDB88007D851E /* Debug */ = {
			isa = XCBuildConfiguration;
			buildSettings = {
				BUNDLE_LOADER = "$(TEST_HOST)";
				FRAMEWORK_SEARCH_PATHS = (
					"$(SDKROOT)/Developer/Library/Frameworks",
					"$(inherited)",
				);
				GCC_PREPROCESSOR_DEFINITIONS = (
					"DEBUG=1",
					"$(inherited)",
				);
				INFOPLIST_FILE = PocketPoolTests/Info.plist;
				LD_RUNPATH_SEARCH_PATHS = "$(inherited) @executable_path/Frameworks @loader_path/Frameworks";
				PRODUCT_NAME = "$(TARGET_NAME)";
				TEST_HOST = "$(BUILT_PRODUCTS_DIR)/PocketPool.app/PocketPool";
			};
			name = Debug;
		};
		C1C4F1FD1BADDB88007D851E /* Release */ = {
			isa = XCBuildConfiguration;
			buildSettings = {
				BUNDLE_LOADER = "$(TEST_HOST)";
				FRAMEWORK_SEARCH_PATHS = (
					"$(SDKROOT)/Developer/Library/Frameworks",
					"$(inherited)",
				);
				INFOPLIST_FILE = PocketPoolTests/Info.plist;
				LD_RUNPATH_SEARCH_PATHS = "$(inherited) @executable_path/Frameworks @loader_path/Frameworks";
				PRODUCT_NAME = "$(TARGET_NAME)";
				TEST_HOST = "$(BUILT_PRODUCTS_DIR)/PocketPool.app/PocketPool";
			};
			name = Release;
		};
/* End XCBuildConfiguration section */

/* Begin XCConfigurationList section */
		C1C4F1D01BADDB88007D851E /* Build configuration list for PBXProject "PocketPool" */ = {
			isa = XCConfigurationList;
			buildConfigurations = (
				C1C4F1F61BADDB88007D851E /* Debug */,
				C1C4F1F71BADDB88007D851E /* Release */,
			);
			defaultConfigurationIsVisible = 0;
			defaultConfigurationName = Release;
		};
		C1C4F1F81BADDB88007D851E /* Build configuration list for PBXNativeTarget "PocketPool" */ = {
			isa = XCConfigurationList;
			buildConfigurations = (
				C1C4F1F91BADDB88007D851E /* Debug */,
				C1C4F1FA1BADDB88007D851E /* Release */,
			);
			defaultConfigurationIsVisible = 0;
			defaultConfigurationName = Release;
		};
		C1C4F1FB1BADDB88007D851E /* Build configuration list for PBXNativeTarget "PocketPoolTests" */ = {
			isa = XCConfigurationList;
			buildConfigurations = (
				C1C4F1FC1BADDB88007D851E /* Debug */,
				C1C4F1FD1BADDB88007D851E /* Release */,
			);
			defaultConfigurationIsVisible = 0;
			defaultConfigurationName = Release;
		};
/* End XCConfigurationList section */
	};
	rootObject = C1C4F1CD1BADDB88007D851E /* Project object */;
}
