// !$*UTF8*$!
{
	archiveVersion = 1;
	classes = {
	};
	objectVersion = 46;
	objects = {

/* Begin PBXBuildFile section */
		C11C4D131BADC1EB00047027 /* main.m in Sources */ = {isa = PBXBuildFile; fileRef = C11C4D121BADC1EB00047027 /* main.m */; };
		C11C4D161BADC1EB00047027 /* AppDelegate.m in Sources */ = {isa = PBXBuildFile; fileRef = C11C4D151BADC1EB00047027 /* AppDelegate.m */; };
		C11C4D191BADC1EB00047027 /* UploadViewController.m in Sources */ = {isa = PBXBuildFile; fileRef = C11C4D181BADC1EB00047027 /* UploadViewController.m */; };
		C11C4D1C1BADC1EB00047027 /* Main.storyboard in Resources */ = {isa = PBXBuildFile; fileRef = C11C4D1A1BADC1EB00047027 /* Main.storyboard */; };
		C11C4D1E1BADC1EB00047027 /* Images.xcassets in Resources */ = {isa = PBXBuildFile; fileRef = C11C4D1D1BADC1EB00047027 /* Images.xcassets */; };
		C11C4D211BADC1EB00047027 /* LaunchScreen.xib in Resources */ = {isa = PBXBuildFile; fileRef = C11C4D1F1BADC1EB00047027 /* LaunchScreen.xib */; };
		C11C4D2D1BADC1EB00047027 /* PoolLegendTests.m in Sources */ = {isa = PBXBuildFile; fileRef = C11C4D2C1BADC1EB00047027 /* PoolLegendTests.m */; };
/* End PBXBuildFile section */

/* Begin PBXContainerItemProxy section */
		C11C4D271BADC1EB00047027 /* PBXContainerItemProxy */ = {
			isa = PBXContainerItemProxy;
			containerPortal = C11C4D051BADC1EB00047027 /* Project object */;
			proxyType = 1;
			remoteGlobalIDString = C11C4D0C1BADC1EB00047027;
			remoteInfo = PoolLegend;
		};
/* End PBXContainerItemProxy section */

/* Begin PBXFileReference section */
		C11C4D0D1BADC1EB00047027 /* PocketPool.app */ = {isa = PBXFileReference; explicitFileType = wrapper.application; includeInIndex = 0; path = PocketPool.app; sourceTree = BUILT_PRODUCTS_DIR; };
		C11C4D111BADC1EB00047027 /* Info.plist */ = {isa = PBXFileReference; lastKnownFileType = text.plist.xml; path = Info.plist; sourceTree = "<group>"; };
		C11C4D121BADC1EB00047027 /* main.m */ = {isa = PBXFileReference; lastKnownFileType = sourcecode.c.objc; path = main.m; sourceTree = "<group>"; };
		C11C4D141BADC1EB00047027 /* AppDelegate.h */ = {isa = PBXFileReference; lastKnownFileType = sourcecode.c.h; path = AppDelegate.h; sourceTree = "<group>"; };
		C11C4D151BADC1EB00047027 /* AppDelegate.m */ = {isa = PBXFileReference; lastKnownFileType = sourcecode.c.objc; path = AppDelegate.m; sourceTree = "<group>"; };
		C11C4D171BADC1EB00047027 /* UploadViewController.h */ = {isa = PBXFileReference; lastKnownFileType = sourcecode.c.h; path = UploadViewController.h; sourceTree = "<group>"; };
		C11C4D181BADC1EB00047027 /* UploadViewController.m */ = {isa = PBXFileReference; lastKnownFileType = sourcecode.c.objc; path = UploadViewController.m; sourceTree = "<group>"; };
		C11C4D1B1BADC1EB00047027 /* Base */ = {isa = PBXFileReference; lastKnownFileType = file.storyboard; name = Base; path = Base.lproj/Main.storyboard; sourceTree = "<group>"; };
		C11C4D1D1BADC1EB00047027 /* Images.xcassets */ = {isa = PBXFileReference; lastKnownFileType = folder.assetcatalog; path = Images.xcassets; sourceTree = "<group>"; };
		C11C4D201BADC1EB00047027 /* Base */ = {isa = PBXFileReference; lastKnownFileType = file.xib; name = Base; path = Base.lproj/LaunchScreen.xib; sourceTree = "<group>"; };
		C11C4D261BADC1EB00047027 /* PocketPoolTests.xctest */ = {isa = PBXFileReference; explicitFileType = wrapper.cfbundle; includeInIndex = 0; path = PocketPoolTests.xctest; sourceTree = BUILT_PRODUCTS_DIR; };
		C11C4D2B1BADC1EB00047027 /* Info.plist */ = {isa = PBXFileReference; lastKnownFileType = text.plist.xml; path = Info.plist; sourceTree = "<group>"; };
		C11C4D2C1BADC1EB00047027 /* PoolLegendTests.m */ = {isa = PBXFileReference; lastKnownFileType = sourcecode.c.objc; path = PoolLegendTests.m; sourceTree = "<group>"; };
/* End PBXFileReference section */

/* Begin PBXFrameworksBuildPhase section */
		C11C4D0A1BADC1EB00047027 /* Frameworks */ = {
			isa = PBXFrameworksBuildPhase;
			buildActionMask = 2147483647;
			files = (
			);
			runOnlyForDeploymentPostprocessing = 0;
		};
		C11C4D231BADC1EB00047027 /* Frameworks */ = {
			isa = PBXFrameworksBuildPhase;
			buildActionMask = 2147483647;
			files = (
			);
			runOnlyForDeploymentPostprocessing = 0;
		};
/* End PBXFrameworksBuildPhase section */

/* Begin PBXGroup section */
		C11C4D041BADC1EB00047027 = {
			isa = PBXGroup;
			children = (
				C11C4D0F1BADC1EB00047027 /* PocketPool */,
				C11C4D291BADC1EB00047027 /* PocketPoolTests */,
				C11C4D0E1BADC1EB00047027 /* Products */,
			);
			sourceTree = "<group>";
		};
		C11C4D0E1BADC1EB00047027 /* Products */ = {
			isa = PBXGroup;
			children = (
				C11C4D0D1BADC1EB00047027 /* PocketPool.app */,
				C11C4D261BADC1EB00047027 /* PocketPoolTests.xctest */,
			);
			name = Products;
			sourceTree = "<group>";
		};
		C11C4D0F1BADC1EB00047027 /* PocketPool */ = {
			isa = PBXGroup;
			children = (
				C11C4D141BADC1EB00047027 /* AppDelegate.h */,
				C11C4D151BADC1EB00047027 /* AppDelegate.m */,
				C11C4D171BADC1EB00047027 /* UploadViewController.h */,
				C11C4D181BADC1EB00047027 /* UploadViewController.m */,
				C11C4D1A1BADC1EB00047027 /* Main.storyboard */,
				C11C4D1D1BADC1EB00047027 /* Images.xcassets */,
				C11C4D1F1BADC1EB00047027 /* LaunchScreen.xib */,
				C11C4D101BADC1EB00047027 /* Supporting Files */,
			);
			name = PocketPool;
			path = PoolLegend;
			sourceTree = "<group>";
		};
		C11C4D101BADC1EB00047027 /* Supporting Files */ = {
			isa = PBXGroup;
			children = (
				C11C4D111BADC1EB00047027 /* Info.plist */,
				C11C4D121BADC1EB00047027 /* main.m */,
			);
			name = "Supporting Files";
			sourceTree = "<group>";
		};
		C11C4D291BADC1EB00047027 /* PocketPoolTests */ = {
			isa = PBXGroup;
			children = (
				C11C4D2C1BADC1EB00047027 /* PoolLegendTests.m */,
				C11C4D2A1BADC1EB00047027 /* Supporting Files */,
			);
			name = PocketPoolTests;
			path = PoolLegendTests;
			sourceTree = "<group>";
		};
		C11C4D2A1BADC1EB00047027 /* Supporting Files */ = {
			isa = PBXGroup;
			children = (
				C11C4D2B1BADC1EB00047027 /* Info.plist */,
			);
			name = "Supporting Files";
			sourceTree = "<group>";
		};
/* End PBXGroup section */

/* Begin PBXNativeTarget section */
		C11C4D0C1BADC1EB00047027 /* PocketPool */ = {
			isa = PBXNativeTarget;
			buildConfigurationList = C11C4D301BADC1EB00047027 /* Build configuration list for PBXNativeTarget "PocketPool" */;
			buildPhases = (
				C11C4D091BADC1EB00047027 /* Sources */,
				C11C4D0A1BADC1EB00047027 /* Frameworks */,
				C11C4D0B1BADC1EB00047027 /* Resources */,
			);
			buildRules = (
			);
			dependencies = (
			);
			name = PocketPool;
			productName = PoolLegend;
			productReference = C11C4D0D1BADC1EB00047027 /* PocketPool.app */;
			productType = "com.apple.product-type.application";
		};
		C11C4D251BADC1EB00047027 /* PocketPoolTests */ = {
			isa = PBXNativeTarget;
			buildConfigurationList = C11C4D331BADC1EB00047027 /* Build configuration list for PBXNativeTarget "PocketPoolTests" */;
			buildPhases = (
				C11C4D221BADC1EB00047027 /* Sources */,
				C11C4D231BADC1EB00047027 /* Frameworks */,
				C11C4D241BADC1EB00047027 /* Resources */,
			);
			buildRules = (
			);
			dependencies = (
				C11C4D281BADC1EB00047027 /* PBXTargetDependency */,
			);
			name = PocketPoolTests;
			productName = PoolLegendTests;
			productReference = C11C4D261BADC1EB00047027 /* PocketPoolTests.xctest */;
			productType = "com.apple.product-type.bundle.unit-test";
		};
/* End PBXNativeTarget section */

/* Begin PBXProject section */
		C11C4D051BADC1EB00047027 /* Project object */ = {
			isa = PBXProject;
			attributes = {
				LastUpgradeCheck = 0640;
				ORGANIZATIONNAME = TeamAbs;
				TargetAttributes = {
					C11C4D0C1BADC1EB00047027 = {
						CreatedOnToolsVersion = 6.4;
					};
					C11C4D251BADC1EB00047027 = {
						CreatedOnToolsVersion = 6.4;
						TestTargetID = C11C4D0C1BADC1EB00047027;
					};
				};
			};
			buildConfigurationList = C11C4D081BADC1EB00047027 /* Build configuration list for PBXProject "PocketPool" */;
			compatibilityVersion = "Xcode 3.2";
			developmentRegion = English;
			hasScannedForEncodings = 0;
			knownRegions = (
				en,
				Base,
			);
			mainGroup = C11C4D041BADC1EB00047027;
			productRefGroup = C11C4D0E1BADC1EB00047027 /* Products */;
			projectDirPath = "";
			projectRoot = "";
			targets = (
				C11C4D0C1BADC1EB00047027 /* PocketPool */,
				C11C4D251BADC1EB00047027 /* PocketPoolTests */,
			);
		};
/* End PBXProject section */

/* Begin PBXResourcesBuildPhase section */
		C11C4D0B1BADC1EB00047027 /* Resources */ = {
			isa = PBXResourcesBuildPhase;
			buildActionMask = 2147483647;
			files = (
				C11C4D1C1BADC1EB00047027 /* Main.storyboard in Resources */,
				C11C4D211BADC1EB00047027 /* LaunchScreen.xib in Resources */,
				C11C4D1E1BADC1EB00047027 /* Images.xcassets in Resources */,
			);
			runOnlyForDeploymentPostprocessing = 0;
		};
		C11C4D241BADC1EB00047027 /* Resources */ = {
			isa = PBXResourcesBuildPhase;
			buildActionMask = 2147483647;
			files = (
			);
			runOnlyForDeploymentPostprocessing = 0;
		};
/* End PBXResourcesBuildPhase section */

/* Begin PBXSourcesBuildPhase section */
		C11C4D091BADC1EB00047027 /* Sources */ = {
			isa = PBXSourcesBuildPhase;
			buildActionMask = 2147483647;
			files = (
				C11C4D191BADC1EB00047027 /* UploadViewController.m in Sources */,
				C11C4D161BADC1EB00047027 /* AppDelegate.m in Sources */,
				C11C4D131BADC1EB00047027 /* main.m in Sources */,
			);
			runOnlyForDeploymentPostprocessing = 0;
		};
		C11C4D221BADC1EB00047027 /* Sources */ = {
			isa = PBXSourcesBuildPhase;
			buildActionMask = 2147483647;
			files = (
				C11C4D2D1BADC1EB00047027 /* PoolLegendTests.m in Sources */,
			);
			runOnlyForDeploymentPostprocessing = 0;
		};
/* End PBXSourcesBuildPhase section */

/* Begin PBXTargetDependency section */
		C11C4D281BADC1EB00047027 /* PBXTargetDependency */ = {
			isa = PBXTargetDependency;
			target = C11C4D0C1BADC1EB00047027 /* PocketPool */;
			targetProxy = C11C4D271BADC1EB00047027 /* PBXContainerItemProxy */;
		};
/* End PBXTargetDependency section */

/* Begin PBXVariantGroup section */
		C11C4D1A1BADC1EB00047027 /* Main.storyboard */ = {
			isa = PBXVariantGroup;
			children = (
				C11C4D1B1BADC1EB00047027 /* Base */,
			);
			name = Main.storyboard;
			sourceTree = "<group>";
		};
		C11C4D1F1BADC1EB00047027 /* LaunchScreen.xib */ = {
			isa = PBXVariantGroup;
			children = (
				C11C4D201BADC1EB00047027 /* Base */,
			);
			name = LaunchScreen.xib;
			sourceTree = "<group>";
		};
/* End PBXVariantGroup section */

/* Begin XCBuildConfiguration section */
		C11C4D2E1BADC1EB00047027 /* Debug */ = {
			isa = XCBuildConfiguration;
			buildSettings = {
				ALWAYS_SEARCH_USER_PATHS = NO;
				CLANG_CXX_LANGUAGE_STANDARD = "gnu++0x";
				CLANG_CXX_LIBRARY = "libc++";
				CLANG_ENABLE_MODULES = YES;
				CLANG_ENABLE_OBJC_ARC = YES;
				CLANG_WARN_BOOL_CONVERSION = YES;
				CLANG_WARN_CONSTANT_CONVERSION = YES;
				CLANG_WARN_DIRECT_OBJC_ISA_USAGE = YES_ERROR;
				CLANG_WARN_EMPTY_BODY = YES;
				CLANG_WARN_ENUM_CONVERSION = YES;
				CLANG_WARN_INT_CONVERSION = YES;
				CLANG_WARN_OBJC_ROOT_CLASS = YES_ERROR;
				CLANG_WARN_UNREACHABLE_CODE = YES;
				CLANG_WARN__DUPLICATE_METHOD_MATCH = YES;
				"CODE_SIGN_IDENTITY[sdk=iphoneos*]" = "iPhone Developer";
				COPY_PHASE_STRIP = NO;
				DEBUG_INFORMATION_FORMAT = "dwarf-with-dsym";
				ENABLE_STRICT_OBJC_MSGSEND = YES;
				GCC_C_LANGUAGE_STANDARD = gnu99;
				GCC_DYNAMIC_NO_PIC = NO;
				GCC_NO_COMMON_BLOCKS = YES;
				GCC_OPTIMIZATION_LEVEL = 0;
				GCC_PREPROCESSOR_DEFINITIONS = (
					"DEBUG=1",
					"$(inherited)",
				);
				GCC_SYMBOLS_PRIVATE_EXTERN = NO;
				GCC_WARN_64_TO_32_BIT_CONVERSION = YES;
				GCC_WARN_ABOUT_RETURN_TYPE = YES_ERROR;
				GCC_WARN_UNDECLARED_SELECTOR = YES;
				GCC_WARN_UNINITIALIZED_AUTOS = YES_AGGRESSIVE;
				GCC_WARN_UNUSED_FUNCTION = YES;
				GCC_WARN_UNUSED_VARIABLE = YES;
				IPHONEOS_DEPLOYMENT_TARGET = 8.4;
				MTL_ENABLE_DEBUG_INFO = YES;
				ONLY_ACTIVE_ARCH = YES;
				SDKROOT = iphoneos;
			};
			name = Debug;
		};
		C11C4D2F1BADC1EB00047027 /* Release */ = {
			isa = XCBuildConfiguration;
			buildSettings = {
				ALWAYS_SEARCH_USER_PATHS = NO;
				CLANG_CXX_LANGUAGE_STANDARD = "gnu++0x";
				CLANG_CXX_LIBRARY = "libc++";
				CLANG_ENABLE_MODULES = YES;
				CLANG_ENABLE_OBJC_ARC = YES;
				CLANG_WARN_BOOL_CONVERSION = YES;
				CLANG_WARN_CONSTANT_CONVERSION = YES;
				CLANG_WARN_DIRECT_OBJC_ISA_USAGE = YES_ERROR;
				CLANG_WARN_EMPTY_BODY = YES;
				CLANG_WARN_ENUM_CONVERSION = YES;
				CLANG_WARN_INT_CONVERSION = YES;
				CLANG_WARN_OBJC_ROOT_CLASS = YES_ERROR;
				CLANG_WARN_UNREACHABLE_CODE = YES;
				CLANG_WARN__DUPLICATE_METHOD_MATCH = YES;
				"CODE_SIGN_IDENTITY[sdk=iphoneos*]" = "iPhone Developer";
				COPY_PHASE_STRIP = NO;
				DEBUG_INFORMATION_FORMAT = "dwarf-with-dsym";
				ENABLE_NS_ASSERTIONS = NO;
				ENABLE_STRICT_OBJC_MSGSEND = YES;
				GCC_C_LANGUAGE_STANDARD = gnu99;
				GCC_NO_COMMON_BLOCKS = YES;
				GCC_WARN_64_TO_32_BIT_CONVERSION = YES;
				GCC_WARN_ABOUT_RETURN_TYPE = YES_ERROR;
				GCC_WARN_UNDECLARED_SELECTOR = YES;
				GCC_WARN_UNINITIALIZED_AUTOS = YES_AGGRESSIVE;
				GCC_WARN_UNUSED_FUNCTION = YES;
				GCC_WARN_UNUSED_VARIABLE = YES;
				IPHONEOS_DEPLOYMENT_TARGET = 8.4;
				MTL_ENABLE_DEBUG_INFO = NO;
				SDKROOT = iphoneos;
				VALIDATE_PRODUCT = YES;
			};
			name = Release;
		};
		C11C4D311BADC1EB00047027 /* Debug */ = {
			isa = XCBuildConfiguration;
			buildSettings = {
				ASSETCATALOG_COMPILER_APPICON_NAME = AppIcon;
				INFOPLIST_FILE = PoolLegend/Info.plist;
				LD_RUNPATH_SEARCH_PATHS = "$(inherited) @executable_path/Frameworks";
				PRODUCT_NAME = PocketPool;
			};
			name = Debug;
		};
		C11C4D321BADC1EB00047027 /* Release */ = {
			isa = XCBuildConfiguration;
			buildSettings = {
				ASSETCATALOG_COMPILER_APPICON_NAME = AppIcon;
				INFOPLIST_FILE = PoolLegend/Info.plist;
				LD_RUNPATH_SEARCH_PATHS = "$(inherited) @executable_path/Frameworks";
				PRODUCT_NAME = PocketPool;
			};
			name = Release;
		};
		C11C4D341BADC1EB00047027 /* Debug */ = {
			isa = XCBuildConfiguration;
			buildSettings = {
				BUNDLE_LOADER = "$(TEST_HOST)";
				FRAMEWORK_SEARCH_PATHS = (
					"$(SDKROOT)/Developer/Library/Frameworks",
					"$(inherited)",
				);
				GCC_PREPROCESSOR_DEFINITIONS = (
					"DEBUG=1",
					"$(inherited)",
				);
				INFOPLIST_FILE = PoolLegendTests/Info.plist;
				LD_RUNPATH_SEARCH_PATHS = "$(inherited) @executable_path/Frameworks @loader_path/Frameworks";
				PRODUCT_NAME = PocketPoolTests;
				TEST_HOST = "$(BUILT_PRODUCTS_DIR)/PoolLegend.app/PoolLegend";
			};
			name = Debug;
		};
		C11C4D351BADC1EB00047027 /* Release */ = {
			isa = XCBuildConfiguration;
			buildSettings = {
				BUNDLE_LOADER = "$(TEST_HOST)";
				FRAMEWORK_SEARCH_PATHS = (
					"$(SDKROOT)/Developer/Library/Frameworks",
					"$(inherited)",
				);
				INFOPLIST_FILE = PoolLegendTests/Info.plist;
				LD_RUNPATH_SEARCH_PATHS = "$(inherited) @executable_path/Frameworks @loader_path/Frameworks";
				PRODUCT_NAME = PocketPoolTests;
				TEST_HOST = "$(BUILT_PRODUCTS_DIR)/PoolLegend.app/PoolLegend";
			};
			name = Release;
		};
/* End XCBuildConfiguration section */

/* Begin XCConfigurationList section */
		C11C4D081BADC1EB00047027 /* Build configuration list for PBXProject "PocketPool" */ = {
			isa = XCConfigurationList;
			buildConfigurations = (
				C11C4D2E1BADC1EB00047027 /* Debug */,
				C11C4D2F1BADC1EB00047027 /* Release */,
			);
			defaultConfigurationIsVisible = 0;
			defaultConfigurationName = Release;
		};
		C11C4D301BADC1EB00047027 /* Build configuration list for PBXNativeTarget "PocketPool" */ = {
			isa = XCConfigurationList;
			buildConfigurations = (
				C11C4D311BADC1EB00047027 /* Debug */,
				C11C4D321BADC1EB00047027 /* Release */,
			);
			defaultConfigurationIsVisible = 0;
			defaultConfigurationName = Release;
		};
		C11C4D331BADC1EB00047027 /* Build configuration list for PBXNativeTarget "PocketPoolTests" */ = {
			isa = XCConfigurationList;
			buildConfigurations = (
				C11C4D341BADC1EB00047027 /* Debug */,
				C11C4D351BADC1EB00047027 /* Release */,
			);
			defaultConfigurationIsVisible = 0;
			defaultConfigurationName = Release;
		};
/* End XCConfigurationList section */
	};
	rootObject = C11C4D051BADC1EB00047027 /* Project object */;
}
